{
    "_meta": {
        "hash": {
            "sha256": "464e9c0ecf5c27114203591ea67d528d0a1db4bb2ad0fad95019c3de6aeb1e1f"
        },
        "pipfile-spec": 6,
        "requires": {
            "python_version": "3.6"
        },
        "sources": [
            {
                "name": "pypi",
                "url": "https://pypi.org/simple",
                "verify_ssl": true
            }
        ]
    },
    "default": {
        "conllu": {
            "hashes": [
                "sha256:c0663f137245e634ffd50b985dc2cc5f9daa715308bb04fb1e1f25d69562601f",
                "sha256:dc187cffd398d3687ba5942c628aa1283738f9b2320bac0364c121b5ca057f2e"
            ],
            "index": "pypi",
            "version": "==1.2.1"
        }
    },
    "develop": {}
}
